
Microsoft Visual Studio Solution File, Format Version 12.00
# Visual Studio Version 17
VisualStudioVersion = 17.7.34031.279
MinimumVisualStudioVersion = 10.0.40219.1
Project("{8BC9CEB8-8B4A-11D0-8D11-00A0C91BC942}") = "virt", "virt\virt.vcxproj", "{AE6ACF89-0651-468A-B49D-48D473E6DE6C}"
EndProject
Project("{8BC9CEB8-8B4A-11D0-8D11-00A0C91BC942}") = "2", "2\2.vcxproj", "{2BD8BBBC-7A79-4EA5-8041-B151D9D3F4E0}"
EndProject
Project("{8BC9CEB8-8B4A-11D0-8D11-00A0C91BC942}") = "3", "3\3.vcxproj", "{AA443FF2-94AC-402F-81EB-C7BED35F03BD}"
EndProject
Project("{8BC9CEB8-8B4A-11D0-8D11-00A0C91BC942}") = "4", "4\4.vcxproj", "{7F400C33-81FD-4B14-BBF2-0452E9002347}"
EndProject
Project("{8BC9CEB8-8B4A-11D0-8D11-00A0C91BC942}") = "5", "5\5.vcxproj", "{E3C16737-9566-43C9-88D0-C4145DCA9155}"
EndProject
Project("{8BC9CEB8-8B4A-11D0-8D11-00A0C91BC942}") = "6", "6\6.vcxproj", "{FBE53084-B709-4389-A3C5-1F4E00B03FB3}"
EndProject
Project("{8BC9CEB8-8B4A-11D0-8D11-00A0C91BC942}") = "7", "7\7.vcxproj", "{25C22421-0DC3-479A-BD8C-18D8655A83E0}"
EndProject
Project("{8BC9CEB8-8B4A-11D0-8D11-00A0C91BC942}") = "8", "8\8.vcxproj", "{A7728348-D14A-4766-81EE-62AB1D34D273}"
EndProject
Project("{8BC9CEB8-8B4A-11D0-8D11-00A0C91BC942}") = "9", "9\9.vcxproj", "{539DD47C-3DA9-491C-AA52-FC33A2D06F8D}"
EndProject
Project("{8BC9CEB8-8B4A-11D0-8D11-00A0C91BC942}") = "10", "10\10.vcxproj", "{B2701639-1537-4551-9418-32854277539F}"
EndProject
Project("{8BC9CEB8-8B4A-11D0-8D11-00A0C91BC942}") = "11", "11\11.vcxproj", "{AB09401B-3050-4E85-A179-631F0E247A96}"
EndProject
Global
	GlobalSection(SolutionConfigurationPlatforms) = preSolution
		Debug|x64 = Debug|x64
		Debug|x86 = Debug|x86
		Release|x64 = Release|x64
		Release|x86 = Release|x86
	EndGlobalSection
	GlobalSection(ProjectConfigurationPlatforms) = postSolution
		{AE6ACF89-0651-468A-B49D-48D473E6DE6C}.Debug|x64.ActiveCfg = Debug|x64
		{AE6ACF89-0651-468A-B49D-48D473E6DE6C}.Debug|x64.Build.0 = Debug|x64
		{AE6ACF89-0651-468A-B49D-48D473E6DE6C}.Debug|x86.ActiveCfg = Debug|Win32
		{AE6ACF89-0651-468A-B49D-48D473E6DE6C}.Debug|x86.Build.0 = Debug|Win32
		{AE6ACF89-0651-468A-B49D-48D473E6DE6C}.Release|x64.ActiveCfg = Release|x64
		{AE6ACF89-0651-468A-B49D-48D473E6DE6C}.Release|x64.Build.0 = Release|x64
		{AE6ACF89-0651-468A-B49D-48D473E6DE6C}.Release|x86.ActiveCfg = Release|Win32
		{AE6ACF89-0651-468A-B49D-48D473E6DE6C}.Release|x86.Build.0 = Release|Win32
		{2BD8BBBC-7A79-4EA5-8041-B151D9D3F4E0}.Debug|x64.ActiveCfg = Debug|x64
		{2BD8BBBC-7A79-4EA5-8041-B151D9D3F4E0}.Debug|x64.Build.0 = Debug|x64
		{2BD8BBBC-7A79-4EA5-8041-B151D9D3F4E0}.Debug|x86.ActiveCfg = Debug|Win32
		{2BD8BBBC-7A79-4EA5-8041-B151D9D3F4E0}.Debug|x86.Build.0 = Debug|Win32
		{2BD8BBBC-7A79-4EA5-8041-B151D9D3F4E0}.Release|x64.ActiveCfg = Release|x64
		{2BD8BBBC-7A79-4EA5-8041-B151D9D3F4E0}.Release|x64.Build.0 = Release|x64
		{2BD8BBBC-7A79-4EA5-8041-B151D9D3F4E0}.Release|x86.ActiveCfg = Release|Win32
		{2BD8BBBC-7A79-4EA5-8041-B151D9D3F4E0}.Release|x86.Build.0 = Release|Win32
		{AA443FF2-94AC-402F-81EB-C7BED35F03BD}.Debug|x64.ActiveCfg = Debug|x64
		{AA443FF2-94AC-402F-81EB-C7BED35F03BD}.Debug|x64.Build.0 = Debug|x64
		{AA443FF2-94AC-402F-81EB-C7BED35F03BD}.Debug|x86.ActiveCfg = Debug|Win32
		{AA443FF2-94AC-402F-81EB-C7BED35F03BD}.Debug|x86.Build.0 = Debug|Win32
		{AA443FF2-94AC-402F-81EB-C7BED35F03BD}.Release|x64.ActiveCfg = Release|x64
		{AA443FF2-94AC-402F-81EB-C7BED35F03BD}.Release|x64.Build.0 = Release|x64
		{AA443FF2-94AC-402F-81EB-C7BED35F03BD}.Release|x86.ActiveCfg = Release|Win32
		{AA443FF2-94AC-402F-81EB-C7BED35F03BD}.Release|x86.Build.0 = Release|Win32
		{7F400C33-81FD-4B14-BBF2-0452E9002347}.Debug|x64.ActiveCfg = Debug|x64
		{7F400C33-81FD-4B14-BBF2-0452E9002347}.Debug|x64.Build.0 = Debug|x64
		{7F400C33-81FD-4B14-BBF2-0452E9002347}.Debug|x86.ActiveCfg = Debug|Win32
		{7F400C33-81FD-4B14-BBF2-0452E9002347}.Debug|x86.Build.0 = Debug|Win32
		{7F400C33-81FD-4B14-BBF2-0452E9002347}.Release|x64.ActiveCfg = Release|x64
		{7F400C33-81FD-4B14-BBF2-0452E9002347}.Release|x64.Build.0 = Release|x64
		{7F400C33-81FD-4B14-BBF2-0452E9002347}.Release|x86.ActiveCfg = Release|Win32
		{7F400C33-81FD-4B14-BBF2-0452E9002347}.Release|x86.Build.0 = Release|Win32
		{E3C16737-9566-43C9-88D0-C4145DCA9155}.Debug|x64.ActiveCfg = Debug|x64
		{E3C16737-9566-43C9-88D0-C4145DCA9155}.Debug|x64.Build.0 = Debug|x64
		{E3C16737-9566-43C9-88D0-C4145DCA9155}.Debug|x86.ActiveCfg = Debug|Win32
		{E3C16737-9566-43C9-88D0-C4145DCA9155}.Debug|x86.Build.0 = Debug|Win32
		{E3C16737-9566-43C9-88D0-C4145DCA9155}.Release|x64.ActiveCfg = Release|x64
		{E3C16737-9566-43C9-88D0-C4145DCA9155}.Release|x64.Build.0 = Release|x64
		{E3C16737-9566-43C9-88D0-C4145DCA9155}.Release|x86.ActiveCfg = Release|Win32
		{E3C16737-9566-43C9-88D0-C4145DCA9155}.Release|x86.Build.0 = Release|Win32
		{FBE53084-B709-4389-A3C5-1F4E00B03FB3}.Debug|x64.ActiveCfg = Debug|x64
		{FBE53084-B709-4389-A3C5-1F4E00B03FB3}.Debug|x64.Build.0 = Debug|x64
		{FBE53084-B709-4389-A3C5-1F4E00B03FB3}.Debug|x86.ActiveCfg = Debug|Win32
		{FBE53084-B709-4389-A3C5-1F4E00B03FB3}.Debug|x86.Build.0 = Debug|Win32
		{FBE53084-B709-4389-A3C5-1F4E00B03FB3}.Release|x64.ActiveCfg = Release|x64
		{FBE53084-B709-4389-A3C5-1F4E00B03FB3}.Release|x64.Build.0 = Release|x64
		{FBE53084-B709-4389-A3C5-1F4E00B03FB3}.Release|x86.ActiveCfg = Release|Win32
		{FBE53084-B709-4389-A3C5-1F4E00B03FB3}.Release|x86.Build.0 = Release|Win32
		{25C22421-0DC3-479A-BD8C-18D8655A83E0}.Debug|x64.ActiveCfg = Debug|x64
		{25C22421-0DC3-479A-BD8C-18D8655A83E0}.Debug|x64.Build.0 = Debug|x64
		{25C22421-0DC3-479A-BD8C-18D8655A83E0}.Debug|x86.ActiveCfg = Debug|Win32
		{25C22421-0DC3-479A-BD8C-18D8655A83E0}.Debug|x86.Build.0 = Debug|Win32
		{25C22421-0DC3-479A-BD8C-18D8655A83E0}.Release|x64.ActiveCfg = Release|x64
		{25C22421-0DC3-479A-BD8C-18D8655A83E0}.Release|x64.Build.0 = Release|x64
		{25C22421-0DC3-479A-BD8C-18D8655A83E0}.Release|x86.ActiveCfg = Release|Win32
		{25C22421-0DC3-479A-BD8C-18D8655A83E0}.Release|x86.Build.0 = Release|Win32
		{A7728348-D14A-4766-81EE-62AB1D34D273}.Debug|x64.ActiveCfg = Debug|x64
		{A7728348-D14A-4766-81EE-62AB1D34D273}.Debug|x64.Build.0 = Debug|x64
		{A7728348-D14A-4766-81EE-62AB1D34D273}.Debug|x86.ActiveCfg = Debug|Win32
		{A7728348-D14A-4766-81EE-62AB1D34D273}.Debug|x86.Build.0 = Debug|Win32
		{A7728348-D14A-4766-81EE-62AB1D34D273}.Release|x64.ActiveCfg = Release|x64
		{A7728348-D14A-4766-81EE-62AB1D34D273}.Release|x64.Build.0 = Release|x64
		{A7728348-D14A-4766-81EE-62AB1D34D273}.Release|x86.ActiveCfg = Release|Win32
		{A7728348-D14A-4766-81EE-62AB1D34D273}.Release|x86.Build.0 = Release|Win32
		{539DD47C-3DA9-491C-AA52-FC33A2D06F8D}.Debug|x64.ActiveCfg = Debug|x64
		{539DD47C-3DA9-491C-AA52-FC33A2D06F8D}.Debug|x64.Build.0 = Debug|x64
		{539DD47C-3DA9-491C-AA52-FC33A2D06F8D}.Debug|x86.ActiveCfg = Debug|Win32
		{539DD47C-3DA9-491C-AA52-FC33A2D06F8D}.Debug|x86.Build.0 = Debug|Win32
		{539DD47C-3DA9-491C-AA52-FC33A2D06F8D}.Release|x64.ActiveCfg = Release|x64
		{539DD47C-3DA9-491C-AA52-FC33A2D06F8D}.Release|x64.Build.0 = Release|x64
		{539DD47C-3DA9-491C-AA52-FC33A2D06F8D}.Release|x86.ActiveCfg = Release|Win32
		{539DD47C-3DA9-491C-AA52-FC33A2D06F8D}.Release|x86.Build.0 = Release|Win32
		{B2701639-1537-4551-9418-32854277539F}.Debug|x64.ActiveCfg = Debug|x64
		{B2701639-1537-4551-9418-32854277539F}.Debug|x64.Build.0 = Debug|x64
		{B2701639-1537-4551-9418-32854277539F}.Debug|x86.ActiveCfg = Debug|Win32
		{B2701639-1537-4551-9418-32854277539F}.Debug|x86.Build.0 = Debug|Win32
		{B2701639-1537-4551-9418-32854277539F}.Release|x64.ActiveCfg = Release|x64
		{B2701639-1537-4551-9418-32854277539F}.Release|x64.Build.0 = Release|x64
		{B2701639-1537-4551-9418-32854277539F}.Release|x86.ActiveCfg = Release|Win32
		{B2701639-1537-4551-9418-32854277539F}.Release|x86.Build.0 = Release|Win32
		{AB09401B-3050-4E85-A179-631F0E247A96}.Debug|x64.ActiveCfg = Debug|x64
		{AB09401B-3050-4E85-A179-631F0E247A96}.Debug|x64.Build.0 = Debug|x64
		{AB09401B-3050-4E85-A179-631F0E247A96}.Debug|x86.ActiveCfg = Debug|Win32
		{AB09401B-3050-4E85-A179-631F0E247A96}.Debug|x86.Build.0 = Debug|Win32
		{AB09401B-3050-4E85-A179-631F0E247A96}.Release|x64.ActiveCfg = Release|x64
		{AB09401B-3050-4E85-A179-631F0E247A96}.Release|x64.Build.0 = Release|x64
		{AB09401B-3050-4E85-A179-631F0E247A96}.Release|x86.ActiveCfg = Release|Win32
		{AB09401B-3050-4E85-A179-631F0E247A96}.Release|x86.Build.0 = Release|Win32
	EndGlobalSection
	GlobalSection(SolutionProperties) = preSolution
		HideSolutionNode = FALSE
	EndGlobalSection
	GlobalSection(ExtensibilityGlobals) = postSolution
		SolutionGuid = {A11ECBD7-0D7D-444F-ADB8-D4BE4FEE0271}
	EndGlobalSection
EndGlobal
